Microsoft Visual Studio Solution File, Format Version 12.00
# Visual Studio 2012
Project("{FAE04EC0-301F-11D3-BF4B-00C04F79EFBC}") = "Shmup", "Shmup.csproj", "{E732B61D-EBBF-41A3-8C71-4FD82D98B7CD}"
EndProject
Global
	GlobalSection(SolutionConfigurationPlatforms) = preSolution
	Debug|Any CPU = Debug|Any CPU
	ExportDebug|Any CPU = ExportDebug|Any CPU
	ExportRelease|Any CPU = ExportRelease|Any CPU
	EndGlobalSection
	GlobalSection(ProjectConfigurationPlatforms) = postSolution
		{E732B61D-EBBF-41A3-8C71-4FD82D98B7CD}.Debug|Any CPU.ActiveCfg = Debug|Any CPU
		{E732B61D-EBBF-41A3-8C71-4FD82D98B7CD}.Debug|Any CPU.Build.0 = Debug|Any CPU
		{E732B61D-EBBF-41A3-8C71-4FD82D98B7CD}.ExportDebug|Any CPU.ActiveCfg = ExportDebug|Any CPU
		{E732B61D-EBBF-41A3-8C71-4FD82D98B7CD}.ExportDebug|Any CPU.Build.0 = ExportDebug|Any CPU
		{E732B61D-EBBF-41A3-8C71-4FD82D98B7CD}.ExportRelease|Any CPU.ActiveCfg = ExportRelease|Any CPU
		{E732B61D-EBBF-41A3-8C71-4FD82D98B7CD}.ExportRelease|Any CPU.Build.0 = ExportRelease|Any CPU
	EndGlobalSection
EndGlobal
